// !$*UTF8*$!
{
	archiveVersion = 1;
	classes = {
	};
	objectVersion = 46;
	objects = {

/* Begin PBXBuildFile section */
		235F445C23FEC9CCBC8CE494 /* Pods.framework in Frameworks */ = {isa = PBXBuildFile; fileRef = B9DAAF1515E6EBF76CA860C4 /* Pods.framework */; settings = {ATTRIBUTES = (Weak, ); }; };
		9C02ED6F1B21EAAE0029CC22 /* TextInputTableViewCell.swift in Sources */ = {isa = PBXBuildFile; fileRef = 9C02ED6E1B21EAAE0029CC22 /* TextInputTableViewCell.swift */; };
		9C1D532E1B22F8880051113C /* randomTeamsController.swift in Sources */ = {isa = PBXBuildFile; fileRef = 9C1D532D1B22F8880051113C /* randomTeamsController.swift */; };
		9C1D53301B22F8EF0051113C /* LabelTableViewCell.swift in Sources */ = {isa = PBXBuildFile; fileRef = 9C1D532F1B22F8EF0051113C /* LabelTableViewCell.swift */; };
		9C1D53321B2302A80051113C /* liveMatchController.swift in Sources */ = {isa = PBXBuildFile; fileRef = 9C1D53311B2302A80051113C /* liveMatchController.swift */; };
		9C1D53341B2302BC0051113C /* allMatchController.swift in Sources */ = {isa = PBXBuildFile; fileRef = 9C1D53331B2302BC0051113C /* allMatchController.swift */; };
		9C1D53381B2304D70051113C /* matchTableViewCell.swift in Sources */ = {isa = PBXBuildFile; fileRef = 9C1D53371B2304D70051113C /* matchTableViewCell.swift */; };
		9C1D533A1B2315330051113C /* rankingMatchController.swift in Sources */ = {isa = PBXBuildFile; fileRef = 9C1D53391B2315330051113C /* rankingMatchController.swift */; };
		9C1D533C1B2317780051113C /* rankingTableViewCell.swift in Sources */ = {isa = PBXBuildFile; fileRef = 9C1D533B1B2317780051113C /* rankingTableViewCell.swift */; };
		9C274BC91B29CCFF00F911B8 /* Images.xcassets in Resources */ = {isa = PBXBuildFile; fileRef = 9C274BC81B29CCFF00F911B8 /* Images.xcassets */; };
		9C5AF5FE1B18530200903287 /* AppDelegate.swift in Sources */ = {isa = PBXBuildFile; fileRef = 9C5AF5FD1B18530200903287 /* AppDelegate.swift */; };
		9C5AF6001B18530200903287 /* landingController.swift in Sources */ = {isa = PBXBuildFile; fileRef = 9C5AF5FF1B18530200903287 /* landingController.swift */; };
		9C5AF6031B18530200903287 /* Main.storyboard in Resources */ = {isa = PBXBuildFile; fileRef = 9C5AF6011B18530200903287 /* Main.storyboard */; };
		9C5AF6081B18530200903287 /* LaunchScreen.xib in Resources */ = {isa = PBXBuildFile; fileRef = 9C5AF6061B18530200903287 /* LaunchScreen.xib */; };
		9C5AF6141B18530200903287 /* soccupTests.swift in Sources */ = {isa = PBXBuildFile; fileRef = 9C5AF6131B18530200903287 /* soccupTests.swift */; };
		9C5AF6231B1867BA00903287 /* configController.swift in Sources */ = {isa = PBXBuildFile; fileRef = 9C5AF6221B1867BA00903287 /* configController.swift */; };
		9C70D5141B246BD00042F386 /* stepper-more.png in Resources */ = {isa = PBXBuildFile; fileRef = 9C70D5111B246BD00042F386 /* stepper-more.png */; };
		9C70D5151B246BD00042F386 /* stepper-less.png in Resources */ = {isa = PBXBuildFile; fileRef = 9C70D5121B246BD00042F386 /* stepper-less.png */; };
		9C70D5161B246BD00042F386 /* stepper-center.png in Resources */ = {isa = PBXBuildFile; fileRef = 9C70D5131B246BD00042F386 /* stepper-center.png */; };
		9C868E7D1B1DBB74009AC3C3 /* SourceSansPro-Black.otf in Resources */ = {isa = PBXBuildFile; fileRef = 9C868E771B1DBB74009AC3C3 /* SourceSansPro-Black.otf */; };
		9C868E7E1B1DBB74009AC3C3 /* SourceSansPro-Bold.otf in Resources */ = {isa = PBXBuildFile; fileRef = 9C868E781B1DBB74009AC3C3 /* SourceSansPro-Bold.otf */; };
		9C868E7F1B1DBB74009AC3C3 /* SourceSansPro-ExtraLight.otf in Resources */ = {isa = PBXBuildFile; fileRef = 9C868E791B1DBB74009AC3C3 /* SourceSansPro-ExtraLight.otf */; };
		9C868E801B1DBB74009AC3C3 /* SourceSansPro-Light.otf in Resources */ = {isa = PBXBuildFile; fileRef = 9C868E7A1B1DBB74009AC3C3 /* SourceSansPro-Light.otf */; };
		9C868E811B1DBB74009AC3C3 /* SourceSansPro-Regular.otf in Resources */ = {isa = PBXBuildFile; fileRef = 9C868E7B1B1DBB74009AC3C3 /* SourceSansPro-Regular.otf */; };
		9C868E821B1DBB74009AC3C3 /* SourceSansPro-Semibold.otf in Resources */ = {isa = PBXBuildFile; fileRef = 9C868E7C1B1DBB74009AC3C3 /* SourceSansPro-Semibold.otf */; };
		9C87FDAE1B299D2C001C5EEE /* goalModalController.swift in Sources */ = {isa = PBXBuildFile; fileRef = 9C87FDAD1B299D2C001C5EEE /* goalModalController.swift */; };
		9C87FDB01B29C18A001C5EEE /* Palette.swift in Sources */ = {isa = PBXBuildFile; fileRef = 9C87FDAF1B29C18A001C5EEE /* Palette.swift */; };
		9C93BFE01B248BFC009E667A /* CustomNavbar.swift in Sources */ = {isa = PBXBuildFile; fileRef = 9C93BFDF1B248BFC009E667A /* CustomNavbar.swift */; };
		9C93BFE21B249494009E667A /* arrow-left.png in Resources */ = {isa = PBXBuildFile; fileRef = 9C93BFE11B249494009E667A /* arrow-left.png */; };
		9C99C7221B1E46F8001D896B /* API.swift in Sources */ = {isa = PBXBuildFile; fileRef = 9C99C7211B1E46F8001D896B /* API.swift */; };
		9CB55C0C1B258BDF001ACE8E /* CustomNoBorderTableView.swift in Sources */ = {isa = PBXBuildFile; fileRef = 9CB55C0B1B258BDF001ACE8E /* CustomNoBorderTableView.swift */; };
		9CB55C101B25D8B2001ACE8E /* CustomTabbar.swift in Sources */ = {isa = PBXBuildFile; fileRef = 9CB55C0F1B25D8B2001ACE8E /* CustomTabbar.swift */; };
		9CD830491B1B425E0052C7CD /* randomController.swift in Sources */ = {isa = PBXBuildFile; fileRef = 9CD830481B1B425E0052C7CD /* randomController.swift */; };
		9CD8304B1B1B4BD10052C7CD /* readyController.swift in Sources */ = {isa = PBXBuildFile; fileRef = 9CD8304A1B1B4BD10052C7CD /* readyController.swift */; };
		9CE078961B29918E007746E8 /* SwiftColors.swift in Sources */ = {isa = PBXBuildFile; fileRef = 9CE078951B29918E007746E8 /* SwiftColors.swift */; };
		9CED0B621B1DD4C3007F3413 /* illustration-landing.png in Resources */ = {isa = PBXBuildFile; fileRef = 9CED0B611B1DD4C3007F3413 /* illustration-landing.png */; };
		9CF462C21B23418800A3A265 /* card.swift in Sources */ = {isa = PBXBuildFile; fileRef = 9CF462C11B23418800A3A265 /* card.swift */; };
		9CF462C41B23440800A3A265 /* button.swift in Sources */ = {isa = PBXBuildFile; fileRef = 9CF462C31B23440700A3A265 /* button.swift */; };
/* End PBXBuildFile section */

/* Begin PBXContainerItemProxy section */
		9C5AF60E1B18530200903287 /* PBXContainerItemProxy */ = {
			isa = PBXContainerItemProxy;
			containerPortal = 9C5AF5F01B18530200903287 /* Project object */;
			proxyType = 1;
			remoteGlobalIDString = 9C5AF5F71B18530200903287;
			remoteInfo = soccup;
		};
/* End PBXContainerItemProxy section */

/* Begin PBXFileReference section */
		269DF3DE31BF16951228B9BE /* Pods.debug.xcconfig */ = {isa = PBXFileReference; includeInIndex = 1; lastKnownFileType = text.xcconfig; name = Pods.debug.xcconfig; path = "Pods/Target Support Files/Pods/Pods.debug.xcconfig"; sourceTree = "<group>"; };
		31F124A836387EA217C24CE8 /* Pods.release.xcconfig */ = {isa = PBXFileReference; includeInIndex = 1; lastKnownFileType = text.xcconfig; name = Pods.release.xcconfig; path = "Pods/Target Support Files/Pods/Pods.release.xcconfig"; sourceTree = "<group>"; };
		9C02ED6E1B21EAAE0029CC22 /* TextInputTableViewCell.swift */ = {isa = PBXFileReference; fileEncoding = 4; lastKnownFileType = sourcecode.swift; path = TextInputTableViewCell.swift; sourceTree = "<group>"; };
		9C1D532D1B22F8880051113C /* randomTeamsController.swift */ = {isa = PBXFileReference; fileEncoding = 4; lastKnownFileType = sourcecode.swift; path = randomTeamsController.swift; sourceTree = "<group>"; };
		9C1D532F1B22F8EF0051113C /* LabelTableViewCell.swift */ = {isa = PBXFileReference; fileEncoding = 4; lastKnownFileType = sourcecode.swift; path = LabelTableViewCell.swift; sourceTree = "<group>"; };
		9C1D53311B2302A80051113C /* liveMatchController.swift */ = {isa = PBXFileReference; fileEncoding = 4; lastKnownFileType = sourcecode.swift; path = liveMatchController.swift; sourceTree = "<group>"; };
		9C1D53331B2302BC0051113C /* allMatchController.swift */ = {isa = PBXFileReference; fileEncoding = 4; lastKnownFileType = sourcecode.swift; path = allMatchController.swift; sourceTree = "<group>"; };
		9C1D53371B2304D70051113C /* matchTableViewCell.swift */ = {isa = PBXFileReference; fileEncoding = 4; lastKnownFileType = sourcecode.swift; path = matchTableViewCell.swift; sourceTree = "<group>"; };
		9C1D53391B2315330051113C /* rankingMatchController.swift */ = {isa = PBXFileReference; fileEncoding = 4; lastKnownFileType = sourcecode.swift; path = rankingMatchController.swift; sourceTree = "<group>"; };
		9C1D533B1B2317780051113C /* rankingTableViewCell.swift */ = {isa = PBXFileReference; fileEncoding = 4; lastKnownFileType = sourcecode.swift; path = rankingTableViewCell.swift; sourceTree = "<group>"; };
		9C274BC81B29CCFF00F911B8 /* Images.xcassets */ = {isa = PBXFileReference; lastKnownFileType = folder.assetcatalog; path = Images.xcassets; sourceTree = "<group>"; };
		9C5AF5F81B18530200903287 /* soccup.app */ = {isa = PBXFileReference; explicitFileType = wrapper.application; includeInIndex = 0; path = soccup.app; sourceTree = BUILT_PRODUCTS_DIR; };
		9C5AF5FC1B18530200903287 /* Info.plist */ = {isa = PBXFileReference; lastKnownFileType = text.plist.xml; path = Info.plist; sourceTree = "<group>"; };
		9C5AF5FD1B18530200903287 /* AppDelegate.swift */ = {isa = PBXFileReference; lastKnownFileType = sourcecode.swift; path = AppDelegate.swift; sourceTree = "<group>"; };
		9C5AF5FF1B18530200903287 /* landingController.swift */ = {isa = PBXFileReference; lastKnownFileType = sourcecode.swift; path = landingController.swift; sourceTree = "<group>"; };
		9C5AF6021B18530200903287 /* Base */ = {isa = PBXFileReference; lastKnownFileType = file.storyboard; name = Base; path = Base.lproj/Main.storyboard; sourceTree = "<group>"; };
		9C5AF6071B18530200903287 /* Base */ = {isa = PBXFileReference; lastKnownFileType = file.xib; name = Base; path = Base.lproj/LaunchScreen.xib; sourceTree = "<group>"; };
		9C5AF60D1B18530200903287 /* soccupTests.xctest */ = {isa = PBXFileReference; explicitFileType = wrapper.cfbundle; includeInIndex = 0; path = soccupTests.xctest; sourceTree = BUILT_PRODUCTS_DIR; };
		9C5AF6121B18530200903287 /* Info.plist */ = {isa = PBXFileReference; lastKnownFileType = text.plist.xml; path = Info.plist; sourceTree = "<group>"; };
		9C5AF6131B18530200903287 /* soccupTests.swift */ = {isa = PBXFileReference; lastKnownFileType = sourcecode.swift; path = soccupTests.swift; sourceTree = "<group>"; };
		9C5AF6221B1867BA00903287 /* configController.swift */ = {isa = PBXFileReference; fileEncoding = 4; lastKnownFileType = sourcecode.swift; path = configController.swift; sourceTree = "<group>"; };
		9C70D5111B246BD00042F386 /* stepper-more.png */ = {isa = PBXFileReference; lastKnownFileType = image.png; path = "stepper-more.png"; sourceTree = "<group>"; };
		9C70D5121B246BD00042F386 /* stepper-less.png */ = {isa = PBXFileReference; lastKnownFileType = image.png; path = "stepper-less.png"; sourceTree = "<group>"; };
		9C70D5131B246BD00042F386 /* stepper-center.png */ = {isa = PBXFileReference; lastKnownFileType = image.png; path = "stepper-center.png"; sourceTree = "<group>"; };
		9C868E771B1DBB74009AC3C3 /* SourceSansPro-Black.otf */ = {isa = PBXFileReference; lastKnownFileType = file; path = "SourceSansPro-Black.otf"; sourceTree = "<group>"; };
		9C868E781B1DBB74009AC3C3 /* SourceSansPro-Bold.otf */ = {isa = PBXFileReference; lastKnownFileType = file; path = "SourceSansPro-Bold.otf"; sourceTree = "<group>"; };
		9C868E791B1DBB74009AC3C3 /* SourceSansPro-ExtraLight.otf */ = {isa = PBXFileReference; lastKnownFileType = file; path = "SourceSansPro-ExtraLight.otf"; sourceTree = "<group>"; };
		9C868E7A1B1DBB74009AC3C3 /* SourceSansPro-Light.otf */ = {isa = PBXFileReference; lastKnownFileType = file; path = "SourceSansPro-Light.otf"; sourceTree = "<group>"; };
		9C868E7B1B1DBB74009AC3C3 /* SourceSansPro-Regular.otf */ = {isa = PBXFileReference; lastKnownFileType = file; path = "SourceSansPro-Regular.otf"; sourceTree = "<group>"; };
		9C868E7C1B1DBB74009AC3C3 /* SourceSansPro-Semibold.otf */ = {isa = PBXFileReference; lastKnownFileType = file; path = "SourceSansPro-Semibold.otf"; sourceTree = "<group>"; };
		9C87FDAD1B299D2C001C5EEE /* goalModalController.swift */ = {isa = PBXFileReference; fileEncoding = 4; lastKnownFileType = sourcecode.swift; path = goalModalController.swift; sourceTree = "<group>"; };
		9C87FDAF1B29C18A001C5EEE /* Palette.swift */ = {isa = PBXFileReference; fileEncoding = 4; lastKnownFileType = sourcecode.swift; path = Palette.swift; sourceTree = "<group>"; };
		9C93BFDF1B248BFC009E667A /* CustomNavbar.swift */ = {isa = PBXFileReference; fileEncoding = 4; lastKnownFileType = sourcecode.swift; path = CustomNavbar.swift; sourceTree = "<group>"; };
		9C93BFE11B249494009E667A /* arrow-left.png */ = {isa = PBXFileReference; lastKnownFileType = image.png; path = "arrow-left.png"; sourceTree = "<group>"; };
		9C99C7211B1E46F8001D896B /* API.swift */ = {isa = PBXFileReference; fileEncoding = 4; lastKnownFileType = sourcecode.swift; path = API.swift; sourceTree = "<group>"; };
		9CB55C0B1B258BDF001ACE8E /* CustomNoBorderTableView.swift */ = {isa = PBXFileReference; fileEncoding = 4; lastKnownFileType = sourcecode.swift; path = CustomNoBorderTableView.swift; sourceTree = "<group>"; };
		9CB55C0F1B25D8B2001ACE8E /* CustomTabbar.swift */ = {isa = PBXFileReference; fileEncoding = 4; lastKnownFileType = sourcecode.swift; path = CustomTabbar.swift; sourceTree = "<group>"; };
		9CD830481B1B425E0052C7CD /* randomController.swift */ = {isa = PBXFileReference; fileEncoding = 4; lastKnownFileType = sourcecode.swift; path = randomController.swift; sourceTree = "<group>"; };
		9CD8304A1B1B4BD10052C7CD /* readyController.swift */ = {isa = PBXFileReference; fileEncoding = 4; lastKnownFileType = sourcecode.swift; path = readyController.swift; sourceTree = "<group>"; };
		9CE078951B29918E007746E8 /* SwiftColors.swift */ = {isa = PBXFileReference; fileEncoding = 4; lastKnownFileType = sourcecode.swift; path = SwiftColors.swift; sourceTree = "<group>"; };
		9CED0B611B1DD4C3007F3413 /* illustration-landing.png */ = {isa = PBXFileReference; lastKnownFileType = image.png; path = "illustration-landing.png"; sourceTree = "<group>"; };
		9CF462C11B23418800A3A265 /* card.swift */ = {isa = PBXFileReference; fileEncoding = 4; lastKnownFileType = sourcecode.swift; path = card.swift; sourceTree = "<group>"; };
		9CF462C31B23440700A3A265 /* button.swift */ = {isa = PBXFileReference; fileEncoding = 4; lastKnownFileType = sourcecode.swift; path = button.swift; sourceTree = "<group>"; };
		B9DAAF1515E6EBF76CA860C4 /* Pods.framework */ = {isa = PBXFileReference; explicitFileType = wrapper.framework; includeInIndex = 0; path = Pods.framework; sourceTree = BUILT_PRODUCTS_DIR; };
/* End PBXFileReference section */

/* Begin PBXFrameworksBuildPhase section */
		9C5AF5F51B18530200903287 /* Frameworks */ = {
			isa = PBXFrameworksBuildPhase;
			buildActionMask = 2147483647;
			files = (
				235F445C23FEC9CCBC8CE494 /* Pods.framework in Frameworks */,
			);
			runOnlyForDeploymentPostprocessing = 0;
		};
		9C5AF60A1B18530200903287 /* Frameworks */ = {
			isa = PBXFrameworksBuildPhase;
			buildActionMask = 2147483647;
			files = (
			);
			runOnlyForDeploymentPostprocessing = 0;
		};
/* End PBXFrameworksBuildPhase section */

/* Begin PBXGroup section */
		29DE1B10B1A61B153BF45251 /* Pods */ = {
			isa = PBXGroup;
			children = (
				269DF3DE31BF16951228B9BE /* Pods.debug.xcconfig */,
				31F124A836387EA217C24CE8 /* Pods.release.xcconfig */,
			);
			name = Pods;
			sourceTree = "<group>";
		};
		9C02ED6D1B21EA7D0029CC22 /* helpers */ = {
			isa = PBXGroup;
			children = (
				9C87FDAF1B29C18A001C5EEE /* Palette.swift */,
				9C93BFDF1B248BFC009E667A /* CustomNavbar.swift */,
				9CB55C0F1B25D8B2001ACE8E /* CustomTabbar.swift */,
				9CB55C0B1B258BDF001ACE8E /* CustomNoBorderTableView.swift */,
				9C02ED6E1B21EAAE0029CC22 /* TextInputTableViewCell.swift */,
				9C1D532F1B22F8EF0051113C /* LabelTableViewCell.swift */,
				9C1D53371B2304D70051113C /* matchTableViewCell.swift */,
				9C1D533B1B2317780051113C /* rankingTableViewCell.swift */,
				9CF462C11B23418800A3A265 /* card.swift */,
				9CF462C31B23440700A3A265 /* button.swift */,
				9CE078951B29918E007746E8 /* SwiftColors.swift */,
			);
			name = helpers;
			sourceTree = "<group>";
		};
		9C5AF5EF1B18530200903287 = {
			isa = PBXGroup;
			children = (
				9C5AF5FA1B18530200903287 /* soccup */,
				9C5AF6101B18530200903287 /* soccupTests */,
				9C5AF5F91B18530200903287 /* Products */,
				29DE1B10B1A61B153BF45251 /* Pods */,
				B18766A7B17B73BC5D473182 /* Frameworks */,
			);
			sourceTree = "<group>";
		};
		9C5AF5F91B18530200903287 /* Products */ = {
			isa = PBXGroup;
			children = (
				9C5AF5F81B18530200903287 /* soccup.app */,
				9C5AF60D1B18530200903287 /* soccupTests.xctest */,
			);
			name = Products;
			sourceTree = "<group>";
		};
		9C5AF5FA1B18530200903287 /* soccup */ = {
			isa = PBXGroup;
			children = (
				9C02ED6D1B21EA7D0029CC22 /* helpers */,
				9C5CB9801B187C4400A3F3C9 /* controllers */,
				9C5CB97F1B187C3600A3F3C9 /* models */,
				9C5AF5FD1B18530200903287 /* AppDelegate.swift */,
				9C5AF6011B18530200903287 /* Main.storyboard */,
				9C70D5101B246B860042F386 /* Images */,
				9C868E761B1DBB74009AC3C3 /* fonts */,
				9C5AF6061B18530200903287 /* LaunchScreen.xib */,
				9C5AF5FB1B18530200903287 /* Supporting Files */,
				9C274BC81B29CCFF00F911B8 /* Images.xcassets */,
			);
			path = soccup;
			sourceTree = "<group>";
		};
		9C5AF5FB1B18530200903287 /* Supporting Files */ = {
			isa = PBXGroup;
			children = (
				9C5AF5FC1B18530200903287 /* Info.plist */,
			);
			name = "Supporting Files";
			sourceTree = "<group>";
		};
		9C5AF6101B18530200903287 /* soccupTests */ = {
			isa = PBXGroup;
			children = (
				9C5AF6131B18530200903287 /* soccupTests.swift */,
				9C5AF6111B18530200903287 /* Supporting Files */,
			);
			path = soccupTests;
			sourceTree = "<group>";
		};
		9C5AF6111B18530200903287 /* Supporting Files */ = {
			isa = PBXGroup;
			children = (
				9C5AF6121B18530200903287 /* Info.plist */,
			);
			name = "Supporting Files";
			sourceTree = "<group>";
		};
		9C5AF6211B18650300903287 /* config */ = {
			isa = PBXGroup;
			children = (
				9C5AF5FF1B18530200903287 /* landingController.swift */,
				9C5AF6221B1867BA00903287 /* configController.swift */,
				9CD830481B1B425E0052C7CD /* randomController.swift */,
				9C1D532D1B22F8880051113C /* randomTeamsController.swift */,
				9CD8304A1B1B4BD10052C7CD /* readyController.swift */,
				9C1D53311B2302A80051113C /* liveMatchController.swift */,
				9C1D53331B2302BC0051113C /* allMatchController.swift */,
				9C1D53391B2315330051113C /* rankingMatchController.swift */,
				9C87FDAD1B299D2C001C5EEE /* goalModalController.swift */,
			);
			name = config;
			sourceTree = "<group>";
		};
		9C5CB97F1B187C3600A3F3C9 /* models */ = {
			isa = PBXGroup;
			children = (
				9C99C7211B1E46F8001D896B /* API.swift */,
			);
			name = models;
			sourceTree = "<group>";
		};
		9C5CB9801B187C4400A3F3C9 /* controllers */ = {
			isa = PBXGroup;
			children = (
				9C5AF6211B18650300903287 /* config */,
			);
			name = controllers;
			sourceTree = "<group>";
		};
		9C70D5101B246B860042F386 /* Images */ = {
			isa = PBXGroup;
			children = (
				9C93BFE11B249494009E667A /* arrow-left.png */,
				9C70D5111B246BD00042F386 /* stepper-more.png */,
				9C70D5121B246BD00042F386 /* stepper-less.png */,
				9C70D5131B246BD00042F386 /* stepper-center.png */,
				9CED0B611B1DD4C3007F3413 /* illustration-landing.png */,
			);
			name = Images;
			sourceTree = "<group>";
		};
		9C868E761B1DBB74009AC3C3 /* fonts */ = {
			isa = PBXGroup;
			children = (
				9C868E771B1DBB74009AC3C3 /* SourceSansPro-Black.otf */,
				9C868E781B1DBB74009AC3C3 /* SourceSansPro-Bold.otf */,
				9C868E791B1DBB74009AC3C3 /* SourceSansPro-ExtraLight.otf */,
				9C868E7A1B1DBB74009AC3C3 /* SourceSansPro-Light.otf */,
				9C868E7B1B1DBB74009AC3C3 /* SourceSansPro-Regular.otf */,
				9C868E7C1B1DBB74009AC3C3 /* SourceSansPro-Semibold.otf */,
			);
			path = fonts;
			sourceTree = "<group>";
		};
		B18766A7B17B73BC5D473182 /* Frameworks */ = {
			isa = PBXGroup;
			children = (
				B9DAAF1515E6EBF76CA860C4 /* Pods.framework */,
			);
			name = Frameworks;
			sourceTree = "<group>";
		};
/* End PBXGroup section */

/* Begin PBXNativeTarget section */
		9C5AF5F71B18530200903287 /* soccup */ = {
			isa = PBXNativeTarget;
			buildConfigurationList = 9C5AF6171B18530200903287 /* Build configuration list for PBXNativeTarget "soccup" */;
			buildPhases = (
				9FF1A1036B1E0A8AFC21F336 /* Check Pods Manifest.lock */,
				9C5AF5F41B18530200903287 /* Sources */,
				9C5AF5F51B18530200903287 /* Frameworks */,
				9C5AF5F61B18530200903287 /* Resources */,
				E69590E3F440739D78AE49D6 /* Embed Pods Frameworks */,
				355C3C3BBB6705471DDF4A1E /* Copy Pods Resources */,
			);
			buildRules = (
			);
			dependencies = (
			);
			name = soccup;
			productName = soccup;
			productReference = 9C5AF5F81B18530200903287 /* soccup.app */;
			productType = "com.apple.product-type.application";
		};
		9C5AF60C1B18530200903287 /* soccupTests */ = {
			isa = PBXNativeTarget;
			buildConfigurationList = 9C5AF61A1B18530200903287 /* Build configuration list for PBXNativeTarget "soccupTests" */;
			buildPhases = (
				9C5AF6091B18530200903287 /* Sources */,
				9C5AF60A1B18530200903287 /* Frameworks */,
				9C5AF60B1B18530200903287 /* Resources */,
			);
			buildRules = (
			);
			dependencies = (
				9C5AF60F1B18530200903287 /* PBXTargetDependency */,
			);
			name = soccupTests;
			productName = soccupTests;
			productReference = 9C5AF60D1B18530200903287 /* soccupTests.xctest */;
			productType = "com.apple.product-type.bundle.unit-test";
		};
/* End PBXNativeTarget section */

/* Begin PBXProject section */
		9C5AF5F01B18530200903287 /* Project object */ = {
			isa = PBXProject;
			attributes = {
				LastUpgradeCheck = 0630;
				ORGANIZATIONNAME = soccup;
				TargetAttributes = {
					9C5AF5F71B18530200903287 = {
						CreatedOnToolsVersion = 6.3.2;
						DevelopmentTeam = 99D895TFL2;
					};
					9C5AF60C1B18530200903287 = {
						CreatedOnToolsVersion = 6.3.2;
						TestTargetID = 9C5AF5F71B18530200903287;
					};
				};
			};
			buildConfigurationList = 9C5AF5F31B18530200903287 /* Build configuration list for PBXProject "soccup" */;
			compatibilityVersion = "Xcode 3.2";
			developmentRegion = English;
			hasScannedForEncodings = 0;
			knownRegions = (
				en,
				Base,
			);
			mainGroup = 9C5AF5EF1B18530200903287;
			productRefGroup = 9C5AF5F91B18530200903287 /* Products */;
			projectDirPath = "";
			projectRoot = "";
			targets = (
				9C5AF5F71B18530200903287 /* soccup */,
				9C5AF60C1B18530200903287 /* soccupTests */,
			);
		};
/* End PBXProject section */

/* Begin PBXResourcesBuildPhase section */
		9C5AF5F61B18530200903287 /* Resources */ = {
			isa = PBXResourcesBuildPhase;
			buildActionMask = 2147483647;
			files = (
				9C868E801B1DBB74009AC3C3 /* SourceSansPro-Light.otf in Resources */,
				9C5AF6031B18530200903287 /* Main.storyboard in Resources */,
				9C5AF6081B18530200903287 /* LaunchScreen.xib in Resources */,
				9C868E7E1B1DBB74009AC3C3 /* SourceSansPro-Bold.otf in Resources */,
				9C868E7D1B1DBB74009AC3C3 /* SourceSansPro-Black.otf in Resources */,
				9C868E811B1DBB74009AC3C3 /* SourceSansPro-Regular.otf in Resources */,
				9C70D5141B246BD00042F386 /* stepper-more.png in Resources */,
				9C93BFE21B249494009E667A /* arrow-left.png in Resources */,
				9C868E821B1DBB74009AC3C3 /* SourceSansPro-Semibold.otf in Resources */,
				9C274BC91B29CCFF00F911B8 /* Images.xcassets in Resources */,
				9C70D5161B246BD00042F386 /* stepper-center.png in Resources */,
				9C868E7F1B1DBB74009AC3C3 /* SourceSansPro-ExtraLight.otf in Resources */,
				9C70D5151B246BD00042F386 /* stepper-less.png in Resources */,
				9CED0B621B1DD4C3007F3413 /* illustration-landing.png in Resources */,
			);
			runOnlyForDeploymentPostprocessing = 0;
		};
		9C5AF60B1B18530200903287 /* Resources */ = {
			isa = PBXResourcesBuildPhase;
			buildActionMask = 2147483647;
			files = (
			);
			runOnlyForDeploymentPostprocessing = 0;
		};
/* End PBXResourcesBuildPhase section */

/* Begin PBXShellScriptBuildPhase section */
		355C3C3BBB6705471DDF4A1E /* Copy Pods Resources */ = {
			isa = PBXShellScriptBuildPhase;
			buildActionMask = 2147483647;
			files = (
			);
			inputPaths = (
			);
			name = "Copy Pods Resources";
			outputPaths = (
			);
			runOnlyForDeploymentPostprocessing = 0;
			shellPath = /bin/sh;
			shellScript = "\"${SRCROOT}/Pods/Target Support Files/Pods/Pods-resources.sh\"\n";
			showEnvVarsInLog = 0;
		};
		9FF1A1036B1E0A8AFC21F336 /* Check Pods Manifest.lock */ = {
			isa = PBXShellScriptBuildPhase;
			buildActionMask = 2147483647;
			files = (
			);
			inputPaths = (
			);
			name = "Check Pods Manifest.lock";
			outputPaths = (
			);
			runOnlyForDeploymentPostprocessing = 0;
			shellPath = /bin/sh;
			shellScript = "diff \"${PODS_ROOT}/../Podfile.lock\" \"${PODS_ROOT}/Manifest.lock\" > /dev/null\nif [[ $? != 0 ]] ; then\n    cat << EOM\nerror: The sandbox is not in sync with the Podfile.lock. Run 'pod install' or update your CocoaPods installation.\nEOM\n    exit 1\nfi\n";
			showEnvVarsInLog = 0;
		};
		E69590E3F440739D78AE49D6 /* Embed Pods Frameworks */ = {
			isa = PBXShellScriptBuildPhase;
			buildActionMask = 2147483647;
			files = (
			);
			inputPaths = (
			);
			name = "Embed Pods Frameworks";
			outputPaths = (
			);
			runOnlyForDeploymentPostprocessing = 0;
			shellPath = /bin/sh;
			shellScript = "\"${SRCROOT}/Pods/Target Support Files/Pods/Pods-frameworks.sh\"\n";
			showEnvVarsInLog = 0;
		};
/* End PBXShellScriptBuildPhase section */

/* Begin PBXSourcesBuildPhase section */
		9C5AF5F41B18530200903287 /* Sources */ = {
			isa = PBXSourcesBuildPhase;
			buildActionMask = 2147483647;
			files = (
				9C5AF6001B18530200903287 /* landingController.swift in Sources */,
				9C87FDB01B29C18A001C5EEE /* Palette.swift in Sources */,
				9C93BFE01B248BFC009E667A /* CustomNavbar.swift in Sources */,
				9C5AF6231B1867BA00903287 /* configController.swift in Sources */,
				9C1D53341B2302BC0051113C /* allMatchController.swift in Sources */,
				9CF462C41B23440800A3A265 /* button.swift in Sources */,
				9CF462C21B23418800A3A265 /* card.swift in Sources */,
				9CD8304B1B1B4BD10052C7CD /* readyController.swift in Sources */,
				9CB55C0C1B258BDF001ACE8E /* CustomNoBorderTableView.swift in Sources */,
				9CB55C101B25D8B2001ACE8E /* CustomTabbar.swift in Sources */,
				9C1D53321B2302A80051113C /* liveMatchController.swift in Sources */,
				9C02ED6F1B21EAAE0029CC22 /* TextInputTableViewCell.swift in Sources */,
				9C1D533A1B2315330051113C /* rankingMatchController.swift in Sources */,
				9CD830491B1B425E0052C7CD /* randomController.swift in Sources */,
				9C1D53301B22F8EF0051113C /* LabelTableViewCell.swift in Sources */,
				9C1D532E1B22F8880051113C /* randomTeamsController.swift in Sources */,
				9C1D533C1B2317780051113C /* rankingTableViewCell.swift in Sources */,
				9C99C7221B1E46F8001D896B /* API.swift in Sources */,
				9C1D53381B2304D70051113C /* matchTableViewCell.swift in Sources */,
				9C5AF5FE1B18530200903287 /* AppDelegate.swift in Sources */,
				9C87FDAE1B299D2C001C5EEE /* goalModalController.swift in Sources */,
				9CE078961B29918E007746E8 /* SwiftColors.swift in Sources */,
			);
			runOnlyForDeploymentPostprocessing = 0;
		};
		9C5AF6091B18530200903287 /* Sources */ = {
			isa = PBXSourcesBuildPhase;
			buildActionMask = 2147483647;
			files = (
				9C5AF6141B18530200903287 /* soccupTests.swift in Sources */,
			);
			runOnlyForDeploymentPostprocessing = 0;
		};
/* End PBXSourcesBuildPhase section */

/* Begin PBXTargetDependency section */
		9C5AF60F1B18530200903287 /* PBXTargetDependency */ = {
			isa = PBXTargetDependency;
			target = 9C5AF5F71B18530200903287 /* soccup */;
			targetProxy = 9C5AF60E1B18530200903287 /* PBXContainerItemProxy */;
		};
/* End PBXTargetDependency section */

/* Begin PBXVariantGroup section */
		9C5AF6011B18530200903287 /* Main.storyboard */ = {
			isa = PBXVariantGroup;
			children = (
				9C5AF6021B18530200903287 /* Base */,
			);
			name = Main.storyboard;
			sourceTree = "<group>";
		};
		9C5AF6061B18530200903287 /* LaunchScreen.xib */ = {
			isa = PBXVariantGroup;
			children = (
				9C5AF6071B18530200903287 /* Base */,
			);
			name = LaunchScreen.xib;
			sourceTree = "<group>";
		};
/* End PBXVariantGroup section */

/* Begin XCBuildConfiguration section */
		9C5AF6151B18530200903287 /* Debug */ = {
			isa = XCBuildConfiguration;
			buildSettings = {
				ALWAYS_SEARCH_USER_PATHS = NO;
				CLANG_CXX_LANGUAGE_STANDARD = "gnu++0x";
				CLANG_CXX_LIBRARY = "libc++";
				CLANG_ENABLE_MODULES = YES;
				CLANG_ENABLE_OBJC_ARC = YES;
				CLANG_WARN_BOOL_CONVERSION = YES;
				CLANG_WARN_CONSTANT_CONVERSION = YES;
				CLANG_WARN_DIRECT_OBJC_ISA_USAGE = YES_ERROR;
				CLANG_WARN_EMPTY_BODY = YES;
				CLANG_WARN_ENUM_CONVERSION = YES;
				CLANG_WARN_INT_CONVERSION = YES;
				CLANG_WARN_OBJC_ROOT_CLASS = YES_ERROR;
				CLANG_WARN_UNREACHABLE_CODE = YES;
				CLANG_WARN__DUPLICATE_METHOD_MATCH = YES;
				"CODE_SIGN_IDENTITY[sdk=iphoneos*]" = "iPhone Developer";
				COPY_PHASE_STRIP = NO;
				DEBUG_INFORMATION_FORMAT = "dwarf-with-dsym";
				ENABLE_STRICT_OBJC_MSGSEND = YES;
				GCC_C_LANGUAGE_STANDARD = gnu99;
				GCC_DYNAMIC_NO_PIC = NO;
				GCC_NO_COMMON_BLOCKS = YES;
				GCC_OPTIMIZATION_LEVEL = 0;
				GCC_PREPROCESSOR_DEFINITIONS = (
					"DEBUG=1",
					"$(inherited)",
				);
				GCC_SYMBOLS_PRIVATE_EXTERN = NO;
				GCC_WARN_64_TO_32_BIT_CONVERSION = YES;
				GCC_WARN_ABOUT_RETURN_TYPE = YES_ERROR;
				GCC_WARN_UNDECLARED_SELECTOR = YES;
				GCC_WARN_UNINITIALIZED_AUTOS = YES_AGGRESSIVE;
				GCC_WARN_UNUSED_FUNCTION = YES;
				GCC_WARN_UNUSED_VARIABLE = YES;
				IPHONEOS_DEPLOYMENT_TARGET = 8.3;
				MTL_ENABLE_DEBUG_INFO = YES;
				ONLY_ACTIVE_ARCH = YES;
				SDKROOT = iphoneos;
				SWIFT_OPTIMIZATION_LEVEL = "-Onone";
			};
			name = Debug;
		};
		9C5AF6161B18530200903287 /* Release */ = {
			isa = XCBuildConfiguration;
			buildSettings = {
				ALWAYS_SEARCH_USER_PATHS = NO;
				CLANG_CXX_LANGUAGE_STANDARD = "gnu++0x";
				CLANG_CXX_LIBRARY = "libc++";
				CLANG_ENABLE_MODULES = YES;
				CLANG_ENABLE_OBJC_ARC = YES;
				CLANG_WARN_BOOL_CONVERSION = YES;
				CLANG_WARN_CONSTANT_CONVERSION = YES;
				CLANG_WARN_DIRECT_OBJC_ISA_USAGE = YES_ERROR;
				CLANG_WARN_EMPTY_BODY = YES;
				CLANG_WARN_ENUM_CONVERSION = YES;
				CLANG_WARN_INT_CONVERSION = YES;
				CLANG_WARN_OBJC_ROOT_CLASS = YES_ERROR;
				CLANG_WARN_UNREACHABLE_CODE = YES;
				CLANG_WARN__DUPLICATE_METHOD_MATCH = YES;
				"CODE_SIGN_IDENTITY[sdk=iphoneos*]" = "iPhone Developer";
				COPY_PHASE_STRIP = NO;
				DEBUG_INFORMATION_FORMAT = "dwarf-with-dsym";
				ENABLE_NS_ASSERTIONS = NO;
				ENABLE_STRICT_OBJC_MSGSEND = YES;
				GCC_C_LANGUAGE_STANDARD = gnu99;
				GCC_NO_COMMON_BLOCKS = YES;
				GCC_WARN_64_TO_32_BIT_CONVERSION = YES;
				GCC_WARN_ABOUT_RETURN_TYPE = YES_ERROR;
				GCC_WARN_UNDECLARED_SELECTOR = YES;
				GCC_WARN_UNINITIALIZED_AUTOS = YES_AGGRESSIVE;
				GCC_WARN_UNUSED_FUNCTION = YES;
				GCC_WARN_UNUSED_VARIABLE = YES;
				IPHONEOS_DEPLOYMENT_TARGET = 8.3;
				MTL_ENABLE_DEBUG_INFO = NO;
				SDKROOT = iphoneos;
				VALIDATE_PRODUCT = YES;
			};
			name = Release;
		};
		9C5AF6181B18530200903287 /* Debug */ = {
			isa = XCBuildConfiguration;
			baseConfigurationReference = 269DF3DE31BF16951228B9BE /* Pods.debug.xcconfig */;
			buildSettings = {
				ASSETCATALOG_COMPILER_APPICON_NAME = AppIcon;
				CODE_SIGN_IDENTITY = "iPhone Developer";
				INFOPLIST_FILE = soccup/Info.plist;
				LD_RUNPATH_SEARCH_PATHS = "$(inherited) @executable_path/Frameworks";
				PRODUCT_NAME = "$(TARGET_NAME)";
			};
			name = Debug;
		};
		9C5AF6191B18530200903287 /* Release */ = {
			isa = XCBuildConfiguration;
			baseConfigurationReference = 31F124A836387EA217C24CE8 /* Pods.release.xcconfig */;
			buildSettings = {
				ASSETCATALOG_COMPILER_APPICON_NAME = AppIcon;
				CODE_SIGN_IDENTITY = "iPhone Developer";
				INFOPLIST_FILE = soccup/Info.plist;
				LD_RUNPATH_SEARCH_PATHS = "$(inherited) @executable_path/Frameworks";
				PRODUCT_NAME = "$(TARGET_NAME)";
			};
			name = Release;
		};
		9C5AF61B1B18530200903287 /* Debug */ = {
			isa = XCBuildConfiguration;
			buildSettings = {
				BUNDLE_LOADER = "$(TEST_HOST)";
				FRAMEWORK_SEARCH_PATHS = (
					"$(SDKROOT)/Developer/Library/Frameworks",
					"$(inherited)",
				);
				GCC_PREPROCESSOR_DEFINITIONS = (
					"DEBUG=1",
					"$(inherited)",
				);
				INFOPLIST_FILE = soccupTests/Info.plist;
				LD_RUNPATH_SEARCH_PATHS = "$(inherited) @executable_path/Frameworks @loader_path/Frameworks";
				PRODUCT_NAME = "$(TARGET_NAME)";
				TEST_HOST = "$(BUILT_PRODUCTS_DIR)/soccup.app/soccup";
			};
			name = Debug;
		};
		9C5AF61C1B18530200903287 /* Release */ = {
			isa = XCBuildConfiguration;
			buildSettings = {
				BUNDLE_LOADER = "$(TEST_HOST)";
				FRAMEWORK_SEARCH_PATHS = (
					"$(SDKROOT)/Developer/Library/Frameworks",
					"$(inherited)",
				);
				INFOPLIST_FILE = soccupTests/Info.plist;
				LD_RUNPATH_SEARCH_PATHS = "$(inherited) @executable_path/Frameworks @loader_path/Frameworks";
				PRODUCT_NAME = "$(TARGET_NAME)";
				TEST_HOST = "$(BUILT_PRODUCTS_DIR)/soccup.app/soccup";
			};
			name = Release;
		};
/* End XCBuildConfiguration section */

/* Begin XCConfigurationList section */
		9C5AF5F31B18530200903287 /* Build configuration list for PBXProject "soccup" */ = {
			isa = XCConfigurationList;
			buildConfigurations = (
				9C5AF6151B18530200903287 /* Debug */,
				9C5AF6161B18530200903287 /* Release */,
			);
			defaultConfigurationIsVisible = 0;
			defaultConfigurationName = Release;
		};
		9C5AF6171B18530200903287 /* Build configuration list for PBXNativeTarget "soccup" */ = {
			isa = XCConfigurationList;
			buildConfigurations = (
				9C5AF6181B18530200903287 /* Debug */,
				9C5AF6191B18530200903287 /* Release */,
			);
			defaultConfigurationIsVisible = 0;
			defaultConfigurationName = Release;
		};
		9C5AF61A1B18530200903287 /* Build configuration list for PBXNativeTarget "soccupTests" */ = {
			isa = XCConfigurationList;
			buildConfigurations = (
				9C5AF61B1B18530200903287 /* Debug */,
				9C5AF61C1B18530200903287 /* Release */,
			);
			defaultConfigurationIsVisible = 0;
			defaultConfigurationName = Release;
		};
/* End XCConfigurationList section */
	};
	rootObject = 9C5AF5F01B18530200903287 /* Project object */;
}
